
Microsoft Visual Studio Solution File, Format Version 12.00
# Visual Studio Version 16
VisualStudioVersion = 16.0.30503.244
MinimumVisualStudioVersion = 10.0.40219.1
Project("{FAE04EC0-301F-11D3-BF4B-00C04F79EFBC}") = "NewFetchWeb", "NewFetchWeb\NewFetchWeb.csproj", "{353D4B1E-B246-49C5-8E15-6C7CDBB34168}"
EndProject
Global
	GlobalSection(SolutionConfigurationPlatforms) = preSolution
		Debug|Any CPU = Debug|Any CPU
		Release|Any CPU = Release|Any CPU
	EndGlobalSection
	GlobalSection(ProjectConfigurationPlatforms) = postSolution
		{353D4B1E-B246-49C5-8E15-6C7CDBB34168}.Debug|Any CPU.ActiveCfg = Debug|Any CPU
		{353D4B1E-B246-49C5-8E15-6C7CDBB34168}.Debug|Any CPU.Build.0 = Debug|Any CPU
		{353D4B1E-B246-49C5-8E15-6C7CDBB34168}.Release|Any CPU.ActiveCfg = Release|Any CPU
		{353D4B1E-B246-49C5-8E15-6C7CDBB34168}.Release|Any CPU.Build.0 = Release|Any CPU
	EndGlobalSection
	GlobalSection(SolutionProperties) = preSolution
		HideSolutionNode = FALSE
	EndGlobalSection
	GlobalSection(ExtensibilityGlobals) = postSolution
		SolutionGuid = {178035D5-2B84-4ED8-BDEA-37A1BB4AB925}
	EndGlobalSection
EndGlobal
