
Microsoft Visual Studio Solution File, Format Version 12.00
# Visual Studio Version 16
VisualStudioVersion = 16.0.30503.244
MinimumVisualStudioVersion = 10.0.40219.1
Project("{FAE04EC0-301F-11D3-BF4B-00C04F79EFBC}") = "ContosoConf", "ContosoConf\ContosoConf.csproj", "{CF3F0F5A-6410-4AD1-8540-2698E16F04FF}"
EndProject
Global
	GlobalSection(SolutionConfigurationPlatforms) = preSolution
		Debug|Any CPU = Debug|Any CPU
		Release|Any CPU = Release|Any CPU
	EndGlobalSection
	GlobalSection(ProjectConfigurationPlatforms) = postSolution
		{CF3F0F5A-6410-4AD1-8540-2698E16F04FF}.Debug|Any CPU.ActiveCfg = Debug|Any CPU
		{CF3F0F5A-6410-4AD1-8540-2698E16F04FF}.Debug|Any CPU.Build.0 = Debug|Any CPU
		{CF3F0F5A-6410-4AD1-8540-2698E16F04FF}.Release|Any CPU.ActiveCfg = Release|Any CPU
		{CF3F0F5A-6410-4AD1-8540-2698E16F04FF}.Release|Any CPU.Build.0 = Release|Any CPU
	EndGlobalSection
	GlobalSection(SolutionProperties) = preSolution
		HideSolutionNode = FALSE
	EndGlobalSection
	GlobalSection(ExtensibilityGlobals) = postSolution
		SolutionGuid = {B9E6E9E2-5746-4B81-8B1A-D2B9BBEF5D7C}
	EndGlobalSection
EndGlobal
